
Microsoft Visual Studio Solution File, Format Version 12.00
# Visual Studio 15
VisualStudioVersion = 15.0.27703.2042
MinimumVisualStudioVersion = 10.0.40219.1
Project("{FAE04EC0-301F-11D3-BF4B-00C04F79EFBC}") = "CSharpClient", "CSharpClient\CSharpClient.csproj", "{37D40AC3-7F33-4B09-BFEB-F6465EA136E4}"
EndProject
Project("{FAE04EC0-301F-11D3-BF4B-00C04F79EFBC}") = "Lynxmotion", "Lynxmotion\Lynxmotion.csproj", "{ACC49F8E-39F8-4B75-89DB-B4B91DA15671}"
EndProject
Project("{FAE04EC0-301F-11D3-BF4B-00C04F79EFBC}") = "TestLynxmotion", "TestLynxmotion\TestLynxmotion.csproj", "{56AC5AFD-6DFB-46B9-A9B7-ACEC11E418EE}"
EndProject
Project("{FAE04EC0-301F-11D3-BF4B-00C04F79EFBC}") = "TestFunction", "TestFunction\TestFunction.csproj", "{F99C2052-FA2C-4887-8E4C-DB0FB43B32DA}"
EndProject
Project("{FAE04EC0-301F-11D3-BF4B-00C04F79EFBC}") = "TestProject2", "TestProject2\TestProject2.csproj", "{BA49B3F1-9545-4386-A5CC-AB1AF6B97BB5}"
EndProject
Project("{FAE04EC0-301F-11D3-BF4B-00C04F79EFBC}") = "CSharpServer", "CSharpServer\CSharpServer.csproj", "{53E9D1C4-88A6-494B-9D12-912E11BA1226}"
EndProject
Project("{FAE04EC0-301F-11D3-BF4B-00C04F79EFBC}") = "TestClass", "TestClass\TestClass.csproj", "{6D255EE0-7479-4C19-91CF-93D840B039E6}"
EndProject
Project("{FAE04EC0-301F-11D3-BF4B-00C04F79EFBC}") = "Project1", "Project1\Project1.csproj", "{3C1FE46D-CCDB-4375-B5D6-53A76D0D0779}"
EndProject
Global
	GlobalSection(SolutionConfigurationPlatforms) = preSolution
		Debug|Any CPU = Debug|Any CPU
		Release|Any CPU = Release|Any CPU
	EndGlobalSection
	GlobalSection(ProjectConfigurationPlatforms) = postSolution
		{37D40AC3-7F33-4B09-BFEB-F6465EA136E4}.Debug|Any CPU.ActiveCfg = Debug|Any CPU
		{37D40AC3-7F33-4B09-BFEB-F6465EA136E4}.Debug|Any CPU.Build.0 = Debug|Any CPU
		{37D40AC3-7F33-4B09-BFEB-F6465EA136E4}.Release|Any CPU.ActiveCfg = Release|Any CPU
		{37D40AC3-7F33-4B09-BFEB-F6465EA136E4}.Release|Any CPU.Build.0 = Release|Any CPU
		{ACC49F8E-39F8-4B75-89DB-B4B91DA15671}.Debug|Any CPU.ActiveCfg = Debug|Any CPU
		{ACC49F8E-39F8-4B75-89DB-B4B91DA15671}.Debug|Any CPU.Build.0 = Debug|Any CPU
		{ACC49F8E-39F8-4B75-89DB-B4B91DA15671}.Release|Any CPU.ActiveCfg = Release|Any CPU
		{ACC49F8E-39F8-4B75-89DB-B4B91DA15671}.Release|Any CPU.Build.0 = Release|Any CPU
		{56AC5AFD-6DFB-46B9-A9B7-ACEC11E418EE}.Debug|Any CPU.ActiveCfg = Debug|Any CPU
		{56AC5AFD-6DFB-46B9-A9B7-ACEC11E418EE}.Debug|Any CPU.Build.0 = Debug|Any CPU
		{56AC5AFD-6DFB-46B9-A9B7-ACEC11E418EE}.Release|Any CPU.ActiveCfg = Release|Any CPU
		{56AC5AFD-6DFB-46B9-A9B7-ACEC11E418EE}.Release|Any CPU.Build.0 = Release|Any CPU
		{F99C2052-FA2C-4887-8E4C-DB0FB43B32DA}.Debug|Any CPU.ActiveCfg = Debug|Any CPU
		{F99C2052-FA2C-4887-8E4C-DB0FB43B32DA}.Debug|Any CPU.Build.0 = Debug|Any CPU
		{F99C2052-FA2C-4887-8E4C-DB0FB43B32DA}.Release|Any CPU.ActiveCfg = Release|Any CPU
		{F99C2052-FA2C-4887-8E4C-DB0FB43B32DA}.Release|Any CPU.Build.0 = Release|Any CPU
		{BA49B3F1-9545-4386-A5CC-AB1AF6B97BB5}.Debug|Any CPU.ActiveCfg = Debug|Any CPU
		{BA49B3F1-9545-4386-A5CC-AB1AF6B97BB5}.Debug|Any CPU.Build.0 = Debug|Any CPU
		{BA49B3F1-9545-4386-A5CC-AB1AF6B97BB5}.Release|Any CPU.ActiveCfg = Release|Any CPU
		{BA49B3F1-9545-4386-A5CC-AB1AF6B97BB5}.Release|Any CPU.Build.0 = Release|Any CPU
		{53E9D1C4-88A6-494B-9D12-912E11BA1226}.Debug|Any CPU.ActiveCfg = Debug|Any CPU
		{53E9D1C4-88A6-494B-9D12-912E11BA1226}.Debug|Any CPU.Build.0 = Debug|Any CPU
		{53E9D1C4-88A6-494B-9D12-912E11BA1226}.Release|Any CPU.ActiveCfg = Release|Any CPU
		{53E9D1C4-88A6-494B-9D12-912E11BA1226}.Release|Any CPU.Build.0 = Release|Any CPU
		{6D255EE0-7479-4C19-91CF-93D840B039E6}.Debug|Any CPU.ActiveCfg = Debug|Any CPU
		{6D255EE0-7479-4C19-91CF-93D840B039E6}.Debug|Any CPU.Build.0 = Debug|Any CPU
		{6D255EE0-7479-4C19-91CF-93D840B039E6}.Release|Any CPU.ActiveCfg = Release|Any CPU
		{6D255EE0-7479-4C19-91CF-93D840B039E6}.Release|Any CPU.Build.0 = Release|Any CPU
		{3C1FE46D-CCDB-4375-B5D6-53A76D0D0779}.Debug|Any CPU.ActiveCfg = Debug|Any CPU
		{3C1FE46D-CCDB-4375-B5D6-53A76D0D0779}.Debug|Any CPU.Build.0 = Debug|Any CPU
		{3C1FE46D-CCDB-4375-B5D6-53A76D0D0779}.Release|Any CPU.ActiveCfg = Release|Any CPU
		{3C1FE46D-CCDB-4375-B5D6-53A76D0D0779}.Release|Any CPU.Build.0 = Release|Any CPU
	EndGlobalSection
	GlobalSection(SolutionProperties) = preSolution
		HideSolutionNode = FALSE
	EndGlobalSection
	GlobalSection(ExtensibilityGlobals) = postSolution
		SolutionGuid = {7EDAB7B3-14AE-40CB-9CC3-6211BE79D996}
	EndGlobalSection
EndGlobal
