{
  "name": "final",
  "version": "1.0.0",
  "lockfileVersion": 1,
  "requires": true,
  "dependencies": {
    "stylesheet-switcher": {
      "version": "2.1.3",
      "resolved": "https://registry.npmjs.org/stylesheet-switcher/-/stylesheet-switcher-2.1.3.tgz",
      "integrity": "sha512-Pey1vyNqQneOyKxF+2aD1ijypdlmrheZi7kTW5lDSFuRfoXGQa1/o2xsZliX37c/7XAX81yBfLlZWyye2Sfbjw=="
    }
  }
}
